
Microsoft Visual Studio Solution File, Format Version 12.00
# Visual Studio 15
VisualStudioVersion = 15.0.27703.2000
MinimumVisualStudioVersion = 10.0.40219.1
Project("{9A19103F-16F7-4668-BE54-9A1E7A4F7556}") = "SharedProperty.NETStandard", "SharedProperty.NETStandard\SharedProperty.NETStandard.csproj", "{FA6264F5-6808-4304-91EE-D87A2E0C4E40}"
EndProject
Project("{9A19103F-16F7-4668-BE54-9A1E7A4F7556}") = "SharedProperty.Sample.NETCore.Console", "SharedProperty.Sample.NETCore.Console\SharedProperty.Sample.NETCore.Console.csproj", "{9DE9E14A-5DBD-46F7-BF7A-657FAE0DA8A3}"
EndProject
Project("{9A19103F-16F7-4668-BE54-9A1E7A4F7556}") = "SharedProperty.Serializer.Utf8Json", "SharedProperty.Serializer.Utf8Json\SharedProperty.Serializer.Utf8Json.csproj", "{815221A2-F051-4B1C-A89E-ADF8A9AD406A}"
EndProject
Project("{9A19103F-16F7-4668-BE54-9A1E7A4F7556}") = "SharedProperty.Serializer.SpanJson", "SharedProperty.Serializer.SpanJson\SharedProperty.Serializer.SpanJson.csproj", "{F13638ED-80D0-49B3-99F4-0D913F145427}"
EndProject
Project("{2150E333-8FDC-42A3-9474-1A3956D46DE8}") = "Solution Items", "Solution Items", "{8F61A995-1D4A-404F-9FAF-C7E865584770}"
	ProjectSection(SolutionItems) = preProject
		LICENSE.txt = LICENSE.txt
		README-ja.md = README-ja.md
		README.md = README.md
	EndProjectSection
EndProject
Project("{FAE04EC0-301F-11D3-BF4B-00C04F79EFBC}") = "SharedProperty.Test.NETCore", "SharedProperty.Test.NETCore\SharedProperty.Test.NETCore.csproj", "{DAD929CC-A9C4-4D16-B824-D986581A16F5}"
EndProject
Global
	GlobalSection(SolutionConfigurationPlatforms) = preSolution
		Debug|Any CPU = Debug|Any CPU
		Release|Any CPU = Release|Any CPU
	EndGlobalSection
	GlobalSection(ProjectConfigurationPlatforms) = postSolution
		{FA6264F5-6808-4304-91EE-D87A2E0C4E40}.Debug|Any CPU.ActiveCfg = Debug|Any CPU
		{FA6264F5-6808-4304-91EE-D87A2E0C4E40}.Debug|Any CPU.Build.0 = Debug|Any CPU
		{FA6264F5-6808-4304-91EE-D87A2E0C4E40}.Release|Any CPU.ActiveCfg = Release|Any CPU
		{FA6264F5-6808-4304-91EE-D87A2E0C4E40}.Release|Any CPU.Build.0 = Release|Any CPU
		{9DE9E14A-5DBD-46F7-BF7A-657FAE0DA8A3}.Debug|Any CPU.ActiveCfg = Debug|Any CPU
		{9DE9E14A-5DBD-46F7-BF7A-657FAE0DA8A3}.Debug|Any CPU.Build.0 = Debug|Any CPU
		{9DE9E14A-5DBD-46F7-BF7A-657FAE0DA8A3}.Release|Any CPU.ActiveCfg = Release|Any CPU
		{9DE9E14A-5DBD-46F7-BF7A-657FAE0DA8A3}.Release|Any CPU.Build.0 = Release|Any CPU
		{815221A2-F051-4B1C-A89E-ADF8A9AD406A}.Debug|Any CPU.ActiveCfg = Debug|Any CPU
		{815221A2-F051-4B1C-A89E-ADF8A9AD406A}.Debug|Any CPU.Build.0 = Debug|Any CPU
		{815221A2-F051-4B1C-A89E-ADF8A9AD406A}.Release|Any CPU.ActiveCfg = Release|Any CPU
		{815221A2-F051-4B1C-A89E-ADF8A9AD406A}.Release|Any CPU.Build.0 = Release|Any CPU
		{F13638ED-80D0-49B3-99F4-0D913F145427}.Debug|Any CPU.ActiveCfg = Debug|Any CPU
		{F13638ED-80D0-49B3-99F4-0D913F145427}.Debug|Any CPU.Build.0 = Debug|Any CPU
		{F13638ED-80D0-49B3-99F4-0D913F145427}.Release|Any CPU.ActiveCfg = Release|Any CPU
		{F13638ED-80D0-49B3-99F4-0D913F145427}.Release|Any CPU.Build.0 = Release|Any CPU
		{DAD929CC-A9C4-4D16-B824-D986581A16F5}.Debug|Any CPU.ActiveCfg = Debug|Any CPU
		{DAD929CC-A9C4-4D16-B824-D986581A16F5}.Debug|Any CPU.Build.0 = Debug|Any CPU
		{DAD929CC-A9C4-4D16-B824-D986581A16F5}.Release|Any CPU.ActiveCfg = Release|Any CPU
		{DAD929CC-A9C4-4D16-B824-D986581A16F5}.Release|Any CPU.Build.0 = Release|Any CPU
	EndGlobalSection
	GlobalSection(SolutionProperties) = preSolution
		HideSolutionNode = FALSE
	EndGlobalSection
	GlobalSection(ExtensibilityGlobals) = postSolution
		SolutionGuid = {7C48F8B0-4ECD-43A5-B349-325A57EEEAA5}
	EndGlobalSection
EndGlobal
