
Microsoft Visual Studio Solution File, Format Version 12.00
# Visual Studio Version 16
VisualStudioVersion = 16.0.29311.281
MinimumVisualStudioVersion = 10.0.40219.1
Project("{9A19103F-16F7-4668-BE54-9A1E7A4F7556}") = "SharedProperty.NETStandard", "SharedProperty.NETStandard\SharedProperty.NETStandard.csproj", "{FA6264F5-6808-4304-91EE-D87A2E0C4E40}"
EndProject
Project("{9A19103F-16F7-4668-BE54-9A1E7A4F7556}") = "SharedProperty.Sample.NETCore.Console", "SharedProperty.Sample.NETCore.Console\SharedProperty.Sample.NETCore.Console.csproj", "{9DE9E14A-5DBD-46F7-BF7A-657FAE0DA8A3}"
EndProject
Project("{9A19103F-16F7-4668-BE54-9A1E7A4F7556}") = "SharedProperty.Serializer.Utf8Json", "SharedProperty.Serializer.Utf8Json\SharedProperty.Serializer.Utf8Json.csproj", "{815221A2-F051-4B1C-A89E-ADF8A9AD406A}"
EndProject
Project("{9A19103F-16F7-4668-BE54-9A1E7A4F7556}") = "SharedProperty.Serializer.SpanJson", "SharedProperty.Serializer.SpanJson\SharedProperty.Serializer.SpanJson.csproj", "{F13638ED-80D0-49B3-99F4-0D913F145427}"
EndProject
Project("{2150E333-8FDC-42A3-9474-1A3956D46DE8}") = "Solution Items", "Solution Items", "{8F61A995-1D4A-404F-9FAF-C7E865584770}"
	ProjectSection(SolutionItems) = preProject
		LICENSE = LICENSE
		README-ja.md = README-ja.md
		README.md = README.md
	EndProjectSection
EndProject
Project("{9A19103F-16F7-4668-BE54-9A1E7A4F7556}") = "SharedProperty.Test.NETCore", "SharedProperty.Test.NETCore\SharedProperty.Test.NETCore.csproj", "{DAD929CC-A9C4-4D16-B824-D986581A16F5}"
EndProject
Project("{9A19103F-16F7-4668-BE54-9A1E7A4F7556}") = "SharedProperty.Benchmark.NETCore", "SharedProperty.Benchmark.NETCore\SharedProperty.Benchmark.NETCore.csproj", "{1DF91A29-BACF-4ABB-80DF-B493A9467329}"
EndProject
Project("{FAE04EC0-301F-11D3-BF4B-00C04F79EFBC}") = "SharedProperty.Sample.XamarinForms.Android", "SharedProperty.Sample.XamarinForms.Android\SharedProperty.Sample.XamarinForms.Android.csproj", "{681E04CF-664B-43CD-AA8F-3748247DFC46}"
EndProject
Project("{FAE04EC0-301F-11D3-BF4B-00C04F79EFBC}") = "SharedProperty.Sample.XamarinForms.iOS", "SharedProperty.Sample.XamarinForms.iOS\SharedProperty.Sample.XamarinForms.iOS.csproj", "{93010FEA-058D-4736-B121-B2A2B2498036}"
EndProject
Project("{FAE04EC0-301F-11D3-BF4B-00C04F79EFBC}") = "SharedProperty.Sample.XamarinForms.UWP", "SharedProperty.Sample.XamarinForms.UWP\SharedProperty.Sample.XamarinForms.UWP.csproj", "{1884001E-9D97-43EF-BF69-3F1ED16831B8}"
EndProject
Project("{9A19103F-16F7-4668-BE54-9A1E7A4F7556}") = "SharedProperty.Sample.XamarinForms", "SharedProperty.Sample.XamarinForms\SharedProperty.Sample.XamarinForms.csproj", "{BC0C33B0-1B55-4715-B9DC-0CB31E68998F}"
EndProject
Project("{FAE04EC0-301F-11D3-BF4B-00C04F79EFBC}") = "SharedProperty.Serializer.SystemTextJson", "SharedProperty.Serializer.SystemTextJson\SharedProperty.Serializer.SystemTextJson.csproj", "{138FC2BB-0323-4A5B-983A-C5518C35B922}"
EndProject
Global
	GlobalSection(SolutionConfigurationPlatforms) = preSolution
		Ad-Hoc|Any CPU = Ad-Hoc|Any CPU
		Ad-Hoc|ARM = Ad-Hoc|ARM
		Ad-Hoc|iPhone = Ad-Hoc|iPhone
		Ad-Hoc|iPhoneSimulator = Ad-Hoc|iPhoneSimulator
		Ad-Hoc|x64 = Ad-Hoc|x64
		Ad-Hoc|x86 = Ad-Hoc|x86
		AppStore|Any CPU = AppStore|Any CPU
		AppStore|ARM = AppStore|ARM
		AppStore|iPhone = AppStore|iPhone
		AppStore|iPhoneSimulator = AppStore|iPhoneSimulator
		AppStore|x64 = AppStore|x64
		AppStore|x86 = AppStore|x86
		Debug|Any CPU = Debug|Any CPU
		Debug|ARM = Debug|ARM
		Debug|iPhone = Debug|iPhone
		Debug|iPhoneSimulator = Debug|iPhoneSimulator
		Debug|x64 = Debug|x64
		Debug|x86 = Debug|x86
		Release|Any CPU = Release|Any CPU
		Release|ARM = Release|ARM
		Release|iPhone = Release|iPhone
		Release|iPhoneSimulator = Release|iPhoneSimulator
		Release|x64 = Release|x64
		Release|x86 = Release|x86
	EndGlobalSection
	GlobalSection(ProjectConfigurationPlatforms) = postSolution
		{FA6264F5-6808-4304-91EE-D87A2E0C4E40}.Ad-Hoc|Any CPU.ActiveCfg = Release|Any CPU
		{FA6264F5-6808-4304-91EE-D87A2E0C4E40}.Ad-Hoc|Any CPU.Build.0 = Release|Any CPU
		{FA6264F5-6808-4304-91EE-D87A2E0C4E40}.Ad-Hoc|ARM.ActiveCfg = Release|Any CPU
		{FA6264F5-6808-4304-91EE-D87A2E0C4E40}.Ad-Hoc|ARM.Build.0 = Release|Any CPU
		{FA6264F5-6808-4304-91EE-D87A2E0C4E40}.Ad-Hoc|iPhone.ActiveCfg = Release|Any CPU
		{FA6264F5-6808-4304-91EE-D87A2E0C4E40}.Ad-Hoc|iPhone.Build.0 = Release|Any CPU
		{FA6264F5-6808-4304-91EE-D87A2E0C4E40}.Ad-Hoc|iPhoneSimulator.ActiveCfg = Release|Any CPU
		{FA6264F5-6808-4304-91EE-D87A2E0C4E40}.Ad-Hoc|iPhoneSimulator.Build.0 = Release|Any CPU
		{FA6264F5-6808-4304-91EE-D87A2E0C4E40}.Ad-Hoc|x64.ActiveCfg = Release|Any CPU
		{FA6264F5-6808-4304-91EE-D87A2E0C4E40}.Ad-Hoc|x64.Build.0 = Release|Any CPU
		{FA6264F5-6808-4304-91EE-D87A2E0C4E40}.Ad-Hoc|x86.ActiveCfg = Release|Any CPU
		{FA6264F5-6808-4304-91EE-D87A2E0C4E40}.Ad-Hoc|x86.Build.0 = Release|Any CPU
		{FA6264F5-6808-4304-91EE-D87A2E0C4E40}.AppStore|Any CPU.ActiveCfg = Release|Any CPU
		{FA6264F5-6808-4304-91EE-D87A2E0C4E40}.AppStore|Any CPU.Build.0 = Release|Any CPU
		{FA6264F5-6808-4304-91EE-D87A2E0C4E40}.AppStore|ARM.ActiveCfg = Release|Any CPU
		{FA6264F5-6808-4304-91EE-D87A2E0C4E40}.AppStore|ARM.Build.0 = Release|Any CPU
		{FA6264F5-6808-4304-91EE-D87A2E0C4E40}.AppStore|iPhone.ActiveCfg = Release|Any CPU
		{FA6264F5-6808-4304-91EE-D87A2E0C4E40}.AppStore|iPhone.Build.0 = Release|Any CPU
		{FA6264F5-6808-4304-91EE-D87A2E0C4E40}.AppStore|iPhoneSimulator.ActiveCfg = Release|Any CPU
		{FA6264F5-6808-4304-91EE-D87A2E0C4E40}.AppStore|iPhoneSimulator.Build.0 = Release|Any CPU
		{FA6264F5-6808-4304-91EE-D87A2E0C4E40}.AppStore|x64.ActiveCfg = Release|Any CPU
		{FA6264F5-6808-4304-91EE-D87A2E0C4E40}.AppStore|x64.Build.0 = Release|Any CPU
		{FA6264F5-6808-4304-91EE-D87A2E0C4E40}.AppStore|x86.ActiveCfg = Release|Any CPU
		{FA6264F5-6808-4304-91EE-D87A2E0C4E40}.AppStore|x86.Build.0 = Release|Any CPU
		{FA6264F5-6808-4304-91EE-D87A2E0C4E40}.Debug|Any CPU.ActiveCfg = Debug|Any CPU
		{FA6264F5-6808-4304-91EE-D87A2E0C4E40}.Debug|Any CPU.Build.0 = Debug|Any CPU
		{FA6264F5-6808-4304-91EE-D87A2E0C4E40}.Debug|ARM.ActiveCfg = Debug|Any CPU
		{FA6264F5-6808-4304-91EE-D87A2E0C4E40}.Debug|ARM.Build.0 = Debug|Any CPU
		{FA6264F5-6808-4304-91EE-D87A2E0C4E40}.Debug|iPhone.ActiveCfg = Debug|Any CPU
		{FA6264F5-6808-4304-91EE-D87A2E0C4E40}.Debug|iPhone.Build.0 = Debug|Any CPU
		{FA6264F5-6808-4304-91EE-D87A2E0C4E40}.Debug|iPhoneSimulator.ActiveCfg = Debug|Any CPU
		{FA6264F5-6808-4304-91EE-D87A2E0C4E40}.Debug|iPhoneSimulator.Build.0 = Debug|Any CPU
		{FA6264F5-6808-4304-91EE-D87A2E0C4E40}.Debug|x64.ActiveCfg = Debug|Any CPU
		{FA6264F5-6808-4304-91EE-D87A2E0C4E40}.Debug|x64.Build.0 = Debug|Any CPU
		{FA6264F5-6808-4304-91EE-D87A2E0C4E40}.Debug|x86.ActiveCfg = Debug|Any CPU
		{FA6264F5-6808-4304-91EE-D87A2E0C4E40}.Debug|x86.Build.0 = Debug|Any CPU
		{FA6264F5-6808-4304-91EE-D87A2E0C4E40}.Release|Any CPU.ActiveCfg = Release|Any CPU
		{FA6264F5-6808-4304-91EE-D87A2E0C4E40}.Release|Any CPU.Build.0 = Release|Any CPU
		{FA6264F5-6808-4304-91EE-D87A2E0C4E40}.Release|ARM.ActiveCfg = Release|Any CPU
		{FA6264F5-6808-4304-91EE-D87A2E0C4E40}.Release|ARM.Build.0 = Release|Any CPU
		{FA6264F5-6808-4304-91EE-D87A2E0C4E40}.Release|iPhone.ActiveCfg = Release|Any CPU
		{FA6264F5-6808-4304-91EE-D87A2E0C4E40}.Release|iPhone.Build.0 = Release|Any CPU
		{FA6264F5-6808-4304-91EE-D87A2E0C4E40}.Release|iPhoneSimulator.ActiveCfg = Release|Any CPU
		{FA6264F5-6808-4304-91EE-D87A2E0C4E40}.Release|iPhoneSimulator.Build.0 = Release|Any CPU
		{FA6264F5-6808-4304-91EE-D87A2E0C4E40}.Release|x64.ActiveCfg = Release|Any CPU
		{FA6264F5-6808-4304-91EE-D87A2E0C4E40}.Release|x64.Build.0 = Release|Any CPU
		{FA6264F5-6808-4304-91EE-D87A2E0C4E40}.Release|x86.ActiveCfg = Release|Any CPU
		{FA6264F5-6808-4304-91EE-D87A2E0C4E40}.Release|x86.Build.0 = Release|Any CPU
		{9DE9E14A-5DBD-46F7-BF7A-657FAE0DA8A3}.Ad-Hoc|Any CPU.ActiveCfg = Release|Any CPU
		{9DE9E14A-5DBD-46F7-BF7A-657FAE0DA8A3}.Ad-Hoc|Any CPU.Build.0 = Release|Any CPU
		{9DE9E14A-5DBD-46F7-BF7A-657FAE0DA8A3}.Ad-Hoc|ARM.ActiveCfg = Release|Any CPU
		{9DE9E14A-5DBD-46F7-BF7A-657FAE0DA8A3}.Ad-Hoc|ARM.Build.0 = Release|Any CPU
		{9DE9E14A-5DBD-46F7-BF7A-657FAE0DA8A3}.Ad-Hoc|iPhone.ActiveCfg = Release|Any CPU
		{9DE9E14A-5DBD-46F7-BF7A-657FAE0DA8A3}.Ad-Hoc|iPhone.Build.0 = Release|Any CPU
		{9DE9E14A-5DBD-46F7-BF7A-657FAE0DA8A3}.Ad-Hoc|iPhoneSimulator.ActiveCfg = Release|Any CPU
		{9DE9E14A-5DBD-46F7-BF7A-657FAE0DA8A3}.Ad-Hoc|iPhoneSimulator.Build.0 = Release|Any CPU
		{9DE9E14A-5DBD-46F7-BF7A-657FAE0DA8A3}.Ad-Hoc|x64.ActiveCfg = Release|Any CPU
		{9DE9E14A-5DBD-46F7-BF7A-657FAE0DA8A3}.Ad-Hoc|x64.Build.0 = Release|Any CPU
		{9DE9E14A-5DBD-46F7-BF7A-657FAE0DA8A3}.Ad-Hoc|x86.ActiveCfg = Release|Any CPU
		{9DE9E14A-5DBD-46F7-BF7A-657FAE0DA8A3}.Ad-Hoc|x86.Build.0 = Release|Any CPU
		{9DE9E14A-5DBD-46F7-BF7A-657FAE0DA8A3}.AppStore|Any CPU.ActiveCfg = Release|Any CPU
		{9DE9E14A-5DBD-46F7-BF7A-657FAE0DA8A3}.AppStore|Any CPU.Build.0 = Release|Any CPU
		{9DE9E14A-5DBD-46F7-BF7A-657FAE0DA8A3}.AppStore|ARM.ActiveCfg = Release|Any CPU
		{9DE9E14A-5DBD-46F7-BF7A-657FAE0DA8A3}.AppStore|ARM.Build.0 = Release|Any CPU
		{9DE9E14A-5DBD-46F7-BF7A-657FAE0DA8A3}.AppStore|iPhone.ActiveCfg = Release|Any CPU
		{9DE9E14A-5DBD-46F7-BF7A-657FAE0DA8A3}.AppStore|iPhone.Build.0 = Release|Any CPU
		{9DE9E14A-5DBD-46F7-BF7A-657FAE0DA8A3}.AppStore|iPhoneSimulator.ActiveCfg = Release|Any CPU
		{9DE9E14A-5DBD-46F7-BF7A-657FAE0DA8A3}.AppStore|iPhoneSimulator.Build.0 = Release|Any CPU
		{9DE9E14A-5DBD-46F7-BF7A-657FAE0DA8A3}.AppStore|x64.ActiveCfg = Release|Any CPU
		{9DE9E14A-5DBD-46F7-BF7A-657FAE0DA8A3}.AppStore|x64.Build.0 = Release|Any CPU
		{9DE9E14A-5DBD-46F7-BF7A-657FAE0DA8A3}.AppStore|x86.ActiveCfg = Release|Any CPU
		{9DE9E14A-5DBD-46F7-BF7A-657FAE0DA8A3}.AppStore|x86.Build.0 = Release|Any CPU
		{9DE9E14A-5DBD-46F7-BF7A-657FAE0DA8A3}.Debug|Any CPU.ActiveCfg = Debug|Any CPU
		{9DE9E14A-5DBD-46F7-BF7A-657FAE0DA8A3}.Debug|Any CPU.Build.0 = Debug|Any CPU
		{9DE9E14A-5DBD-46F7-BF7A-657FAE0DA8A3}.Debug|ARM.ActiveCfg = Debug|Any CPU
		{9DE9E14A-5DBD-46F7-BF7A-657FAE0DA8A3}.Debug|ARM.Build.0 = Debug|Any CPU
		{9DE9E14A-5DBD-46F7-BF7A-657FAE0DA8A3}.Debug|iPhone.ActiveCfg = Debug|Any CPU
		{9DE9E14A-5DBD-46F7-BF7A-657FAE0DA8A3}.Debug|iPhone.Build.0 = Debug|Any CPU
		{9DE9E14A-5DBD-46F7-BF7A-657FAE0DA8A3}.Debug|iPhoneSimulator.ActiveCfg = Debug|Any CPU
		{9DE9E14A-5DBD-46F7-BF7A-657FAE0DA8A3}.Debug|iPhoneSimulator.Build.0 = Debug|Any CPU
		{9DE9E14A-5DBD-46F7-BF7A-657FAE0DA8A3}.Debug|x64.ActiveCfg = Debug|Any CPU
		{9DE9E14A-5DBD-46F7-BF7A-657FAE0DA8A3}.Debug|x64.Build.0 = Debug|Any CPU
		{9DE9E14A-5DBD-46F7-BF7A-657FAE0DA8A3}.Debug|x86.ActiveCfg = Debug|Any CPU
		{9DE9E14A-5DBD-46F7-BF7A-657FAE0DA8A3}.Debug|x86.Build.0 = Debug|Any CPU
		{9DE9E14A-5DBD-46F7-BF7A-657FAE0DA8A3}.Release|Any CPU.ActiveCfg = Release|Any CPU
		{9DE9E14A-5DBD-46F7-BF7A-657FAE0DA8A3}.Release|Any CPU.Build.0 = Release|Any CPU
		{9DE9E14A-5DBD-46F7-BF7A-657FAE0DA8A3}.Release|ARM.ActiveCfg = Release|Any CPU
		{9DE9E14A-5DBD-46F7-BF7A-657FAE0DA8A3}.Release|ARM.Build.0 = Release|Any CPU
		{9DE9E14A-5DBD-46F7-BF7A-657FAE0DA8A3}.Release|iPhone.ActiveCfg = Release|Any CPU
		{9DE9E14A-5DBD-46F7-BF7A-657FAE0DA8A3}.Release|iPhone.Build.0 = Release|Any CPU
		{9DE9E14A-5DBD-46F7-BF7A-657FAE0DA8A3}.Release|iPhoneSimulator.ActiveCfg = Release|Any CPU
		{9DE9E14A-5DBD-46F7-BF7A-657FAE0DA8A3}.Release|iPhoneSimulator.Build.0 = Release|Any CPU
		{9DE9E14A-5DBD-46F7-BF7A-657FAE0DA8A3}.Release|x64.ActiveCfg = Release|Any CPU
		{9DE9E14A-5DBD-46F7-BF7A-657FAE0DA8A3}.Release|x64.Build.0 = Release|Any CPU
		{9DE9E14A-5DBD-46F7-BF7A-657FAE0DA8A3}.Release|x86.ActiveCfg = Release|Any CPU
		{9DE9E14A-5DBD-46F7-BF7A-657FAE0DA8A3}.Release|x86.Build.0 = Release|Any CPU
		{815221A2-F051-4B1C-A89E-ADF8A9AD406A}.Ad-Hoc|Any CPU.ActiveCfg = Release|Any CPU
		{815221A2-F051-4B1C-A89E-ADF8A9AD406A}.Ad-Hoc|Any CPU.Build.0 = Release|Any CPU
		{815221A2-F051-4B1C-A89E-ADF8A9AD406A}.Ad-Hoc|ARM.ActiveCfg = Release|Any CPU
		{815221A2-F051-4B1C-A89E-ADF8A9AD406A}.Ad-Hoc|ARM.Build.0 = Release|Any CPU
		{815221A2-F051-4B1C-A89E-ADF8A9AD406A}.Ad-Hoc|iPhone.ActiveCfg = Release|Any CPU
		{815221A2-F051-4B1C-A89E-ADF8A9AD406A}.Ad-Hoc|iPhone.Build.0 = Release|Any CPU
		{815221A2-F051-4B1C-A89E-ADF8A9AD406A}.Ad-Hoc|iPhoneSimulator.ActiveCfg = Release|Any CPU
		{815221A2-F051-4B1C-A89E-ADF8A9AD406A}.Ad-Hoc|iPhoneSimulator.Build.0 = Release|Any CPU
		{815221A2-F051-4B1C-A89E-ADF8A9AD406A}.Ad-Hoc|x64.ActiveCfg = Release|Any CPU
		{815221A2-F051-4B1C-A89E-ADF8A9AD406A}.Ad-Hoc|x64.Build.0 = Release|Any CPU
		{815221A2-F051-4B1C-A89E-ADF8A9AD406A}.Ad-Hoc|x86.ActiveCfg = Release|Any CPU
		{815221A2-F051-4B1C-A89E-ADF8A9AD406A}.Ad-Hoc|x86.Build.0 = Release|Any CPU
		{815221A2-F051-4B1C-A89E-ADF8A9AD406A}.AppStore|Any CPU.ActiveCfg = Release|Any CPU
		{815221A2-F051-4B1C-A89E-ADF8A9AD406A}.AppStore|Any CPU.Build.0 = Release|Any CPU
		{815221A2-F051-4B1C-A89E-ADF8A9AD406A}.AppStore|ARM.ActiveCfg = Release|Any CPU
		{815221A2-F051-4B1C-A89E-ADF8A9AD406A}.AppStore|ARM.Build.0 = Release|Any CPU
		{815221A2-F051-4B1C-A89E-ADF8A9AD406A}.AppStore|iPhone.ActiveCfg = Release|Any CPU
		{815221A2-F051-4B1C-A89E-ADF8A9AD406A}.AppStore|iPhone.Build.0 = Release|Any CPU
		{815221A2-F051-4B1C-A89E-ADF8A9AD406A}.AppStore|iPhoneSimulator.ActiveCfg = Release|Any CPU
		{815221A2-F051-4B1C-A89E-ADF8A9AD406A}.AppStore|iPhoneSimulator.Build.0 = Release|Any CPU
		{815221A2-F051-4B1C-A89E-ADF8A9AD406A}.AppStore|x64.ActiveCfg = Release|Any CPU
		{815221A2-F051-4B1C-A89E-ADF8A9AD406A}.AppStore|x64.Build.0 = Release|Any CPU
		{815221A2-F051-4B1C-A89E-ADF8A9AD406A}.AppStore|x86.ActiveCfg = Release|Any CPU
		{815221A2-F051-4B1C-A89E-ADF8A9AD406A}.AppStore|x86.Build.0 = Release|Any CPU
		{815221A2-F051-4B1C-A89E-ADF8A9AD406A}.Debug|Any CPU.ActiveCfg = Debug|Any CPU
		{815221A2-F051-4B1C-A89E-ADF8A9AD406A}.Debug|Any CPU.Build.0 = Debug|Any CPU
		{815221A2-F051-4B1C-A89E-ADF8A9AD406A}.Debug|ARM.ActiveCfg = Debug|Any CPU
		{815221A2-F051-4B1C-A89E-ADF8A9AD406A}.Debug|ARM.Build.0 = Debug|Any CPU
		{815221A2-F051-4B1C-A89E-ADF8A9AD406A}.Debug|iPhone.ActiveCfg = Debug|Any CPU
		{815221A2-F051-4B1C-A89E-ADF8A9AD406A}.Debug|iPhone.Build.0 = Debug|Any CPU
		{815221A2-F051-4B1C-A89E-ADF8A9AD406A}.Debug|iPhoneSimulator.ActiveCfg = Debug|Any CPU
		{815221A2-F051-4B1C-A89E-ADF8A9AD406A}.Debug|iPhoneSimulator.Build.0 = Debug|Any CPU
		{815221A2-F051-4B1C-A89E-ADF8A9AD406A}.Debug|x64.ActiveCfg = Debug|Any CPU
		{815221A2-F051-4B1C-A89E-ADF8A9AD406A}.Debug|x64.Build.0 = Debug|Any CPU
		{815221A2-F051-4B1C-A89E-ADF8A9AD406A}.Debug|x86.ActiveCfg = Debug|Any CPU
		{815221A2-F051-4B1C-A89E-ADF8A9AD406A}.Debug|x86.Build.0 = Debug|Any CPU
		{815221A2-F051-4B1C-A89E-ADF8A9AD406A}.Release|Any CPU.ActiveCfg = Release|Any CPU
		{815221A2-F051-4B1C-A89E-ADF8A9AD406A}.Release|Any CPU.Build.0 = Release|Any CPU
		{815221A2-F051-4B1C-A89E-ADF8A9AD406A}.Release|ARM.ActiveCfg = Release|Any CPU
		{815221A2-F051-4B1C-A89E-ADF8A9AD406A}.Release|ARM.Build.0 = Release|Any CPU
		{815221A2-F051-4B1C-A89E-ADF8A9AD406A}.Release|iPhone.ActiveCfg = Release|Any CPU
		{815221A2-F051-4B1C-A89E-ADF8A9AD406A}.Release|iPhone.Build.0 = Release|Any CPU
		{815221A2-F051-4B1C-A89E-ADF8A9AD406A}.Release|iPhoneSimulator.ActiveCfg = Release|Any CPU
		{815221A2-F051-4B1C-A89E-ADF8A9AD406A}.Release|iPhoneSimulator.Build.0 = Release|Any CPU
		{815221A2-F051-4B1C-A89E-ADF8A9AD406A}.Release|x64.ActiveCfg = Release|Any CPU
		{815221A2-F051-4B1C-A89E-ADF8A9AD406A}.Release|x64.Build.0 = Release|Any CPU
		{815221A2-F051-4B1C-A89E-ADF8A9AD406A}.Release|x86.ActiveCfg = Release|Any CPU
		{815221A2-F051-4B1C-A89E-ADF8A9AD406A}.Release|x86.Build.0 = Release|Any CPU
		{F13638ED-80D0-49B3-99F4-0D913F145427}.Ad-Hoc|Any CPU.ActiveCfg = Release|Any CPU
		{F13638ED-80D0-49B3-99F4-0D913F145427}.Ad-Hoc|Any CPU.Build.0 = Release|Any CPU
		{F13638ED-80D0-49B3-99F4-0D913F145427}.Ad-Hoc|ARM.ActiveCfg = Release|Any CPU
		{F13638ED-80D0-49B3-99F4-0D913F145427}.Ad-Hoc|ARM.Build.0 = Release|Any CPU
		{F13638ED-80D0-49B3-99F4-0D913F145427}.Ad-Hoc|iPhone.ActiveCfg = Release|Any CPU
		{F13638ED-80D0-49B3-99F4-0D913F145427}.Ad-Hoc|iPhone.Build.0 = Release|Any CPU
		{F13638ED-80D0-49B3-99F4-0D913F145427}.Ad-Hoc|iPhoneSimulator.ActiveCfg = Release|Any CPU
		{F13638ED-80D0-49B3-99F4-0D913F145427}.Ad-Hoc|iPhoneSimulator.Build.0 = Release|Any CPU
		{F13638ED-80D0-49B3-99F4-0D913F145427}.Ad-Hoc|x64.ActiveCfg = Release|Any CPU
		{F13638ED-80D0-49B3-99F4-0D913F145427}.Ad-Hoc|x64.Build.0 = Release|Any CPU
		{F13638ED-80D0-49B3-99F4-0D913F145427}.Ad-Hoc|x86.ActiveCfg = Release|Any CPU
		{F13638ED-80D0-49B3-99F4-0D913F145427}.Ad-Hoc|x86.Build.0 = Release|Any CPU
		{F13638ED-80D0-49B3-99F4-0D913F145427}.AppStore|Any CPU.ActiveCfg = Release|Any CPU
		{F13638ED-80D0-49B3-99F4-0D913F145427}.AppStore|Any CPU.Build.0 = Release|Any CPU
		{F13638ED-80D0-49B3-99F4-0D913F145427}.AppStore|ARM.ActiveCfg = Release|Any CPU
		{F13638ED-80D0-49B3-99F4-0D913F145427}.AppStore|ARM.Build.0 = Release|Any CPU
		{F13638ED-80D0-49B3-99F4-0D913F145427}.AppStore|iPhone.ActiveCfg = Release|Any CPU
		{F13638ED-80D0-49B3-99F4-0D913F145427}.AppStore|iPhone.Build.0 = Release|Any CPU
		{F13638ED-80D0-49B3-99F4-0D913F145427}.AppStore|iPhoneSimulator.ActiveCfg = Release|Any CPU
		{F13638ED-80D0-49B3-99F4-0D913F145427}.AppStore|iPhoneSimulator.Build.0 = Release|Any CPU
		{F13638ED-80D0-49B3-99F4-0D913F145427}.AppStore|x64.ActiveCfg = Release|Any CPU
		{F13638ED-80D0-49B3-99F4-0D913F145427}.AppStore|x64.Build.0 = Release|Any CPU
		{F13638ED-80D0-49B3-99F4-0D913F145427}.AppStore|x86.ActiveCfg = Release|Any CPU
		{F13638ED-80D0-49B3-99F4-0D913F145427}.AppStore|x86.Build.0 = Release|Any CPU
		{F13638ED-80D0-49B3-99F4-0D913F145427}.Debug|Any CPU.ActiveCfg = Debug|Any CPU
		{F13638ED-80D0-49B3-99F4-0D913F145427}.Debug|Any CPU.Build.0 = Debug|Any CPU
		{F13638ED-80D0-49B3-99F4-0D913F145427}.Debug|ARM.ActiveCfg = Debug|Any CPU
		{F13638ED-80D0-49B3-99F4-0D913F145427}.Debug|ARM.Build.0 = Debug|Any CPU
		{F13638ED-80D0-49B3-99F4-0D913F145427}.Debug|iPhone.ActiveCfg = Debug|Any CPU
		{F13638ED-80D0-49B3-99F4-0D913F145427}.Debug|iPhone.Build.0 = Debug|Any CPU
		{F13638ED-80D0-49B3-99F4-0D913F145427}.Debug|iPhoneSimulator.ActiveCfg = Debug|Any CPU
		{F13638ED-80D0-49B3-99F4-0D913F145427}.Debug|iPhoneSimulator.Build.0 = Debug|Any CPU
		{F13638ED-80D0-49B3-99F4-0D913F145427}.Debug|x64.ActiveCfg = Debug|Any CPU
		{F13638ED-80D0-49B3-99F4-0D913F145427}.Debug|x64.Build.0 = Debug|Any CPU
		{F13638ED-80D0-49B3-99F4-0D913F145427}.Debug|x86.ActiveCfg = Debug|Any CPU
		{F13638ED-80D0-49B3-99F4-0D913F145427}.Debug|x86.Build.0 = Debug|Any CPU
		{F13638ED-80D0-49B3-99F4-0D913F145427}.Release|Any CPU.ActiveCfg = Release|Any CPU
		{F13638ED-80D0-49B3-99F4-0D913F145427}.Release|Any CPU.Build.0 = Release|Any CPU
		{F13638ED-80D0-49B3-99F4-0D913F145427}.Release|ARM.ActiveCfg = Release|Any CPU
		{F13638ED-80D0-49B3-99F4-0D913F145427}.Release|ARM.Build.0 = Release|Any CPU
		{F13638ED-80D0-49B3-99F4-0D913F145427}.Release|iPhone.ActiveCfg = Release|Any CPU
		{F13638ED-80D0-49B3-99F4-0D913F145427}.Release|iPhone.Build.0 = Release|Any CPU
		{F13638ED-80D0-49B3-99F4-0D913F145427}.Release|iPhoneSimulator.ActiveCfg = Release|Any CPU
		{F13638ED-80D0-49B3-99F4-0D913F145427}.Release|iPhoneSimulator.Build.0 = Release|Any CPU
		{F13638ED-80D0-49B3-99F4-0D913F145427}.Release|x64.ActiveCfg = Release|Any CPU
		{F13638ED-80D0-49B3-99F4-0D913F145427}.Release|x64.Build.0 = Release|Any CPU
		{F13638ED-80D0-49B3-99F4-0D913F145427}.Release|x86.ActiveCfg = Release|Any CPU
		{F13638ED-80D0-49B3-99F4-0D913F145427}.Release|x86.Build.0 = Release|Any CPU
		{DAD929CC-A9C4-4D16-B824-D986581A16F5}.Ad-Hoc|Any CPU.ActiveCfg = Release|Any CPU
		{DAD929CC-A9C4-4D16-B824-D986581A16F5}.Ad-Hoc|Any CPU.Build.0 = Release|Any CPU
		{DAD929CC-A9C4-4D16-B824-D986581A16F5}.Ad-Hoc|ARM.ActiveCfg = Release|Any CPU
		{DAD929CC-A9C4-4D16-B824-D986581A16F5}.Ad-Hoc|ARM.Build.0 = Release|Any CPU
		{DAD929CC-A9C4-4D16-B824-D986581A16F5}.Ad-Hoc|iPhone.ActiveCfg = Release|Any CPU
		{DAD929CC-A9C4-4D16-B824-D986581A16F5}.Ad-Hoc|iPhone.Build.0 = Release|Any CPU
		{DAD929CC-A9C4-4D16-B824-D986581A16F5}.Ad-Hoc|iPhoneSimulator.ActiveCfg = Release|Any CPU
		{DAD929CC-A9C4-4D16-B824-D986581A16F5}.Ad-Hoc|iPhoneSimulator.Build.0 = Release|Any CPU
		{DAD929CC-A9C4-4D16-B824-D986581A16F5}.Ad-Hoc|x64.ActiveCfg = Release|Any CPU
		{DAD929CC-A9C4-4D16-B824-D986581A16F5}.Ad-Hoc|x64.Build.0 = Release|Any CPU
		{DAD929CC-A9C4-4D16-B824-D986581A16F5}.Ad-Hoc|x86.ActiveCfg = Release|Any CPU
		{DAD929CC-A9C4-4D16-B824-D986581A16F5}.Ad-Hoc|x86.Build.0 = Release|Any CPU
		{DAD929CC-A9C4-4D16-B824-D986581A16F5}.AppStore|Any CPU.ActiveCfg = Release|Any CPU
		{DAD929CC-A9C4-4D16-B824-D986581A16F5}.AppStore|Any CPU.Build.0 = Release|Any CPU
		{DAD929CC-A9C4-4D16-B824-D986581A16F5}.AppStore|ARM.ActiveCfg = Release|Any CPU
		{DAD929CC-A9C4-4D16-B824-D986581A16F5}.AppStore|ARM.Build.0 = Release|Any CPU
		{DAD929CC-A9C4-4D16-B824-D986581A16F5}.AppStore|iPhone.ActiveCfg = Release|Any CPU
		{DAD929CC-A9C4-4D16-B824-D986581A16F5}.AppStore|iPhone.Build.0 = Release|Any CPU
		{DAD929CC-A9C4-4D16-B824-D986581A16F5}.AppStore|iPhoneSimulator.ActiveCfg = Release|Any CPU
		{DAD929CC-A9C4-4D16-B824-D986581A16F5}.AppStore|iPhoneSimulator.Build.0 = Release|Any CPU
		{DAD929CC-A9C4-4D16-B824-D986581A16F5}.AppStore|x64.ActiveCfg = Release|Any CPU
		{DAD929CC-A9C4-4D16-B824-D986581A16F5}.AppStore|x64.Build.0 = Release|Any CPU
		{DAD929CC-A9C4-4D16-B824-D986581A16F5}.AppStore|x86.ActiveCfg = Release|Any CPU
		{DAD929CC-A9C4-4D16-B824-D986581A16F5}.AppStore|x86.Build.0 = Release|Any CPU
		{DAD929CC-A9C4-4D16-B824-D986581A16F5}.Debug|Any CPU.ActiveCfg = Debug|Any CPU
		{DAD929CC-A9C4-4D16-B824-D986581A16F5}.Debug|Any CPU.Build.0 = Debug|Any CPU
		{DAD929CC-A9C4-4D16-B824-D986581A16F5}.Debug|ARM.ActiveCfg = Debug|Any CPU
		{DAD929CC-A9C4-4D16-B824-D986581A16F5}.Debug|ARM.Build.0 = Debug|Any CPU
		{DAD929CC-A9C4-4D16-B824-D986581A16F5}.Debug|iPhone.ActiveCfg = Debug|Any CPU
		{DAD929CC-A9C4-4D16-B824-D986581A16F5}.Debug|iPhone.Build.0 = Debug|Any CPU
		{DAD929CC-A9C4-4D16-B824-D986581A16F5}.Debug|iPhoneSimulator.ActiveCfg = Debug|Any CPU
		{DAD929CC-A9C4-4D16-B824-D986581A16F5}.Debug|iPhoneSimulator.Build.0 = Debug|Any CPU
		{DAD929CC-A9C4-4D16-B824-D986581A16F5}.Debug|x64.ActiveCfg = Debug|Any CPU
		{DAD929CC-A9C4-4D16-B824-D986581A16F5}.Debug|x64.Build.0 = Debug|Any CPU
		{DAD929CC-A9C4-4D16-B824-D986581A16F5}.Debug|x86.ActiveCfg = Debug|Any CPU
		{DAD929CC-A9C4-4D16-B824-D986581A16F5}.Debug|x86.Build.0 = Debug|Any CPU
		{DAD929CC-A9C4-4D16-B824-D986581A16F5}.Release|Any CPU.ActiveCfg = Release|Any CPU
		{DAD929CC-A9C4-4D16-B824-D986581A16F5}.Release|Any CPU.Build.0 = Release|Any CPU
		{DAD929CC-A9C4-4D16-B824-D986581A16F5}.Release|ARM.ActiveCfg = Release|Any CPU
		{DAD929CC-A9C4-4D16-B824-D986581A16F5}.Release|ARM.Build.0 = Release|Any CPU
		{DAD929CC-A9C4-4D16-B824-D986581A16F5}.Release|iPhone.ActiveCfg = Release|Any CPU
		{DAD929CC-A9C4-4D16-B824-D986581A16F5}.Release|iPhone.Build.0 = Release|Any CPU
		{DAD929CC-A9C4-4D16-B824-D986581A16F5}.Release|iPhoneSimulator.ActiveCfg = Release|Any CPU
		{DAD929CC-A9C4-4D16-B824-D986581A16F5}.Release|iPhoneSimulator.Build.0 = Release|Any CPU
		{DAD929CC-A9C4-4D16-B824-D986581A16F5}.Release|x64.ActiveCfg = Release|Any CPU
		{DAD929CC-A9C4-4D16-B824-D986581A16F5}.Release|x64.Build.0 = Release|Any CPU
		{DAD929CC-A9C4-4D16-B824-D986581A16F5}.Release|x86.ActiveCfg = Release|Any CPU
		{DAD929CC-A9C4-4D16-B824-D986581A16F5}.Release|x86.Build.0 = Release|Any CPU
		{1DF91A29-BACF-4ABB-80DF-B493A9467329}.Ad-Hoc|Any CPU.ActiveCfg = Debug|Any CPU
		{1DF91A29-BACF-4ABB-80DF-B493A9467329}.Ad-Hoc|Any CPU.Build.0 = Debug|Any CPU
		{1DF91A29-BACF-4ABB-80DF-B493A9467329}.Ad-Hoc|ARM.ActiveCfg = Debug|Any CPU
		{1DF91A29-BACF-4ABB-80DF-B493A9467329}.Ad-Hoc|ARM.Build.0 = Debug|Any CPU
		{1DF91A29-BACF-4ABB-80DF-B493A9467329}.Ad-Hoc|iPhone.ActiveCfg = Debug|Any CPU
		{1DF91A29-BACF-4ABB-80DF-B493A9467329}.Ad-Hoc|iPhone.Build.0 = Debug|Any CPU
		{1DF91A29-BACF-4ABB-80DF-B493A9467329}.Ad-Hoc|iPhoneSimulator.ActiveCfg = Debug|Any CPU
		{1DF91A29-BACF-4ABB-80DF-B493A9467329}.Ad-Hoc|iPhoneSimulator.Build.0 = Debug|Any CPU
		{1DF91A29-BACF-4ABB-80DF-B493A9467329}.Ad-Hoc|x64.ActiveCfg = Debug|Any CPU
		{1DF91A29-BACF-4ABB-80DF-B493A9467329}.Ad-Hoc|x64.Build.0 = Debug|Any CPU
		{1DF91A29-BACF-4ABB-80DF-B493A9467329}.Ad-Hoc|x86.ActiveCfg = Debug|Any CPU
		{1DF91A29-BACF-4ABB-80DF-B493A9467329}.Ad-Hoc|x86.Build.0 = Debug|Any CPU
		{1DF91A29-BACF-4ABB-80DF-B493A9467329}.AppStore|Any CPU.ActiveCfg = Debug|Any CPU
		{1DF91A29-BACF-4ABB-80DF-B493A9467329}.AppStore|Any CPU.Build.0 = Debug|Any CPU
		{1DF91A29-BACF-4ABB-80DF-B493A9467329}.AppStore|ARM.ActiveCfg = Debug|Any CPU
		{1DF91A29-BACF-4ABB-80DF-B493A9467329}.AppStore|ARM.Build.0 = Debug|Any CPU
		{1DF91A29-BACF-4ABB-80DF-B493A9467329}.AppStore|iPhone.ActiveCfg = Debug|Any CPU
		{1DF91A29-BACF-4ABB-80DF-B493A9467329}.AppStore|iPhone.Build.0 = Debug|Any CPU
		{1DF91A29-BACF-4ABB-80DF-B493A9467329}.AppStore|iPhoneSimulator.ActiveCfg = Debug|Any CPU
		{1DF91A29-BACF-4ABB-80DF-B493A9467329}.AppStore|iPhoneSimulator.Build.0 = Debug|Any CPU
		{1DF91A29-BACF-4ABB-80DF-B493A9467329}.AppStore|x64.ActiveCfg = Debug|Any CPU
		{1DF91A29-BACF-4ABB-80DF-B493A9467329}.AppStore|x64.Build.0 = Debug|Any CPU
		{1DF91A29-BACF-4ABB-80DF-B493A9467329}.AppStore|x86.ActiveCfg = Debug|Any CPU
		{1DF91A29-BACF-4ABB-80DF-B493A9467329}.AppStore|x86.Build.0 = Debug|Any CPU
		{1DF91A29-BACF-4ABB-80DF-B493A9467329}.Debug|Any CPU.ActiveCfg = Debug|Any CPU
		{1DF91A29-BACF-4ABB-80DF-B493A9467329}.Debug|Any CPU.Build.0 = Debug|Any CPU
		{1DF91A29-BACF-4ABB-80DF-B493A9467329}.Debug|ARM.ActiveCfg = Debug|Any CPU
		{1DF91A29-BACF-4ABB-80DF-B493A9467329}.Debug|ARM.Build.0 = Debug|Any CPU
		{1DF91A29-BACF-4ABB-80DF-B493A9467329}.Debug|iPhone.ActiveCfg = Debug|Any CPU
		{1DF91A29-BACF-4ABB-80DF-B493A9467329}.Debug|iPhone.Build.0 = Debug|Any CPU
		{1DF91A29-BACF-4ABB-80DF-B493A9467329}.Debug|iPhoneSimulator.ActiveCfg = Debug|Any CPU
		{1DF91A29-BACF-4ABB-80DF-B493A9467329}.Debug|iPhoneSimulator.Build.0 = Debug|Any CPU
		{1DF91A29-BACF-4ABB-80DF-B493A9467329}.Debug|x64.ActiveCfg = Debug|Any CPU
		{1DF91A29-BACF-4ABB-80DF-B493A9467329}.Debug|x64.Build.0 = Debug|Any CPU
		{1DF91A29-BACF-4ABB-80DF-B493A9467329}.Debug|x86.ActiveCfg = Debug|Any CPU
		{1DF91A29-BACF-4ABB-80DF-B493A9467329}.Debug|x86.Build.0 = Debug|Any CPU
		{1DF91A29-BACF-4ABB-80DF-B493A9467329}.Release|Any CPU.ActiveCfg = Release|Any CPU
		{1DF91A29-BACF-4ABB-80DF-B493A9467329}.Release|Any CPU.Build.0 = Release|Any CPU
		{1DF91A29-BACF-4ABB-80DF-B493A9467329}.Release|ARM.ActiveCfg = Release|Any CPU
		{1DF91A29-BACF-4ABB-80DF-B493A9467329}.Release|ARM.Build.0 = Release|Any CPU
		{1DF91A29-BACF-4ABB-80DF-B493A9467329}.Release|iPhone.ActiveCfg = Release|Any CPU
		{1DF91A29-BACF-4ABB-80DF-B493A9467329}.Release|iPhone.Build.0 = Release|Any CPU
		{1DF91A29-BACF-4ABB-80DF-B493A9467329}.Release|iPhoneSimulator.ActiveCfg = Release|Any CPU
		{1DF91A29-BACF-4ABB-80DF-B493A9467329}.Release|iPhoneSimulator.Build.0 = Release|Any CPU
		{1DF91A29-BACF-4ABB-80DF-B493A9467329}.Release|x64.ActiveCfg = Release|Any CPU
		{1DF91A29-BACF-4ABB-80DF-B493A9467329}.Release|x64.Build.0 = Release|Any CPU
		{1DF91A29-BACF-4ABB-80DF-B493A9467329}.Release|x86.ActiveCfg = Release|Any CPU
		{1DF91A29-BACF-4ABB-80DF-B493A9467329}.Release|x86.Build.0 = Release|Any CPU
		{681E04CF-664B-43CD-AA8F-3748247DFC46}.Ad-Hoc|Any CPU.ActiveCfg = Release|Any CPU
		{681E04CF-664B-43CD-AA8F-3748247DFC46}.Ad-Hoc|Any CPU.Build.0 = Release|Any CPU
		{681E04CF-664B-43CD-AA8F-3748247DFC46}.Ad-Hoc|Any CPU.Deploy.0 = Release|Any CPU
		{681E04CF-664B-43CD-AA8F-3748247DFC46}.Ad-Hoc|ARM.ActiveCfg = Release|Any CPU
		{681E04CF-664B-43CD-AA8F-3748247DFC46}.Ad-Hoc|ARM.Build.0 = Release|Any CPU
		{681E04CF-664B-43CD-AA8F-3748247DFC46}.Ad-Hoc|ARM.Deploy.0 = Release|Any CPU
		{681E04CF-664B-43CD-AA8F-3748247DFC46}.Ad-Hoc|iPhone.ActiveCfg = Release|Any CPU
		{681E04CF-664B-43CD-AA8F-3748247DFC46}.Ad-Hoc|iPhone.Build.0 = Release|Any CPU
		{681E04CF-664B-43CD-AA8F-3748247DFC46}.Ad-Hoc|iPhone.Deploy.0 = Release|Any CPU
		{681E04CF-664B-43CD-AA8F-3748247DFC46}.Ad-Hoc|iPhoneSimulator.ActiveCfg = Release|Any CPU
		{681E04CF-664B-43CD-AA8F-3748247DFC46}.Ad-Hoc|iPhoneSimulator.Build.0 = Release|Any CPU
		{681E04CF-664B-43CD-AA8F-3748247DFC46}.Ad-Hoc|iPhoneSimulator.Deploy.0 = Release|Any CPU
		{681E04CF-664B-43CD-AA8F-3748247DFC46}.Ad-Hoc|x64.ActiveCfg = Release|Any CPU
		{681E04CF-664B-43CD-AA8F-3748247DFC46}.Ad-Hoc|x64.Build.0 = Release|Any CPU
		{681E04CF-664B-43CD-AA8F-3748247DFC46}.Ad-Hoc|x64.Deploy.0 = Release|Any CPU
		{681E04CF-664B-43CD-AA8F-3748247DFC46}.Ad-Hoc|x86.ActiveCfg = Release|Any CPU
		{681E04CF-664B-43CD-AA8F-3748247DFC46}.Ad-Hoc|x86.Build.0 = Release|Any CPU
		{681E04CF-664B-43CD-AA8F-3748247DFC46}.Ad-Hoc|x86.Deploy.0 = Release|Any CPU
		{681E04CF-664B-43CD-AA8F-3748247DFC46}.AppStore|Any CPU.ActiveCfg = Release|Any CPU
		{681E04CF-664B-43CD-AA8F-3748247DFC46}.AppStore|Any CPU.Build.0 = Release|Any CPU
		{681E04CF-664B-43CD-AA8F-3748247DFC46}.AppStore|Any CPU.Deploy.0 = Release|Any CPU
		{681E04CF-664B-43CD-AA8F-3748247DFC46}.AppStore|ARM.ActiveCfg = Release|Any CPU
		{681E04CF-664B-43CD-AA8F-3748247DFC46}.AppStore|ARM.Build.0 = Release|Any CPU
		{681E04CF-664B-43CD-AA8F-3748247DFC46}.AppStore|ARM.Deploy.0 = Release|Any CPU
		{681E04CF-664B-43CD-AA8F-3748247DFC46}.AppStore|iPhone.ActiveCfg = Release|Any CPU
		{681E04CF-664B-43CD-AA8F-3748247DFC46}.AppStore|iPhone.Build.0 = Release|Any CPU
		{681E04CF-664B-43CD-AA8F-3748247DFC46}.AppStore|iPhone.Deploy.0 = Release|Any CPU
		{681E04CF-664B-43CD-AA8F-3748247DFC46}.AppStore|iPhoneSimulator.ActiveCfg = Release|Any CPU
		{681E04CF-664B-43CD-AA8F-3748247DFC46}.AppStore|iPhoneSimulator.Build.0 = Release|Any CPU
		{681E04CF-664B-43CD-AA8F-3748247DFC46}.AppStore|iPhoneSimulator.Deploy.0 = Release|Any CPU
		{681E04CF-664B-43CD-AA8F-3748247DFC46}.AppStore|x64.ActiveCfg = Release|Any CPU
		{681E04CF-664B-43CD-AA8F-3748247DFC46}.AppStore|x64.Build.0 = Release|Any CPU
		{681E04CF-664B-43CD-AA8F-3748247DFC46}.AppStore|x64.Deploy.0 = Release|Any CPU
		{681E04CF-664B-43CD-AA8F-3748247DFC46}.AppStore|x86.ActiveCfg = Release|Any CPU
		{681E04CF-664B-43CD-AA8F-3748247DFC46}.AppStore|x86.Build.0 = Release|Any CPU
		{681E04CF-664B-43CD-AA8F-3748247DFC46}.AppStore|x86.Deploy.0 = Release|Any CPU
		{681E04CF-664B-43CD-AA8F-3748247DFC46}.Debug|Any CPU.ActiveCfg = Debug|Any CPU
		{681E04CF-664B-43CD-AA8F-3748247DFC46}.Debug|Any CPU.Build.0 = Debug|Any CPU
		{681E04CF-664B-43CD-AA8F-3748247DFC46}.Debug|Any CPU.Deploy.0 = Debug|Any CPU
		{681E04CF-664B-43CD-AA8F-3748247DFC46}.Debug|ARM.ActiveCfg = Debug|Any CPU
		{681E04CF-664B-43CD-AA8F-3748247DFC46}.Debug|ARM.Build.0 = Debug|Any CPU
		{681E04CF-664B-43CD-AA8F-3748247DFC46}.Debug|ARM.Deploy.0 = Debug|Any CPU
		{681E04CF-664B-43CD-AA8F-3748247DFC46}.Debug|iPhone.ActiveCfg = Debug|Any CPU
		{681E04CF-664B-43CD-AA8F-3748247DFC46}.Debug|iPhone.Build.0 = Debug|Any CPU
		{681E04CF-664B-43CD-AA8F-3748247DFC46}.Debug|iPhone.Deploy.0 = Debug|Any CPU
		{681E04CF-664B-43CD-AA8F-3748247DFC46}.Debug|iPhoneSimulator.ActiveCfg = Debug|Any CPU
		{681E04CF-664B-43CD-AA8F-3748247DFC46}.Debug|iPhoneSimulator.Build.0 = Debug|Any CPU
		{681E04CF-664B-43CD-AA8F-3748247DFC46}.Debug|iPhoneSimulator.Deploy.0 = Debug|Any CPU
		{681E04CF-664B-43CD-AA8F-3748247DFC46}.Debug|x64.ActiveCfg = Debug|Any CPU
		{681E04CF-664B-43CD-AA8F-3748247DFC46}.Debug|x64.Build.0 = Debug|Any CPU
		{681E04CF-664B-43CD-AA8F-3748247DFC46}.Debug|x64.Deploy.0 = Debug|Any CPU
		{681E04CF-664B-43CD-AA8F-3748247DFC46}.Debug|x86.ActiveCfg = Debug|Any CPU
		{681E04CF-664B-43CD-AA8F-3748247DFC46}.Debug|x86.Build.0 = Debug|Any CPU
		{681E04CF-664B-43CD-AA8F-3748247DFC46}.Debug|x86.Deploy.0 = Debug|Any CPU
		{681E04CF-664B-43CD-AA8F-3748247DFC46}.Release|Any CPU.ActiveCfg = Release|Any CPU
		{681E04CF-664B-43CD-AA8F-3748247DFC46}.Release|Any CPU.Build.0 = Release|Any CPU
		{681E04CF-664B-43CD-AA8F-3748247DFC46}.Release|Any CPU.Deploy.0 = Release|Any CPU
		{681E04CF-664B-43CD-AA8F-3748247DFC46}.Release|ARM.ActiveCfg = Release|Any CPU
		{681E04CF-664B-43CD-AA8F-3748247DFC46}.Release|ARM.Build.0 = Release|Any CPU
		{681E04CF-664B-43CD-AA8F-3748247DFC46}.Release|ARM.Deploy.0 = Release|Any CPU
		{681E04CF-664B-43CD-AA8F-3748247DFC46}.Release|iPhone.ActiveCfg = Release|Any CPU
		{681E04CF-664B-43CD-AA8F-3748247DFC46}.Release|iPhone.Build.0 = Release|Any CPU
		{681E04CF-664B-43CD-AA8F-3748247DFC46}.Release|iPhone.Deploy.0 = Release|Any CPU
		{681E04CF-664B-43CD-AA8F-3748247DFC46}.Release|iPhoneSimulator.ActiveCfg = Release|Any CPU
		{681E04CF-664B-43CD-AA8F-3748247DFC46}.Release|iPhoneSimulator.Build.0 = Release|Any CPU
		{681E04CF-664B-43CD-AA8F-3748247DFC46}.Release|iPhoneSimulator.Deploy.0 = Release|Any CPU
		{681E04CF-664B-43CD-AA8F-3748247DFC46}.Release|x64.ActiveCfg = Release|Any CPU
		{681E04CF-664B-43CD-AA8F-3748247DFC46}.Release|x64.Build.0 = Release|Any CPU
		{681E04CF-664B-43CD-AA8F-3748247DFC46}.Release|x64.Deploy.0 = Release|Any CPU
		{681E04CF-664B-43CD-AA8F-3748247DFC46}.Release|x86.ActiveCfg = Release|Any CPU
		{681E04CF-664B-43CD-AA8F-3748247DFC46}.Release|x86.Build.0 = Release|Any CPU
		{681E04CF-664B-43CD-AA8F-3748247DFC46}.Release|x86.Deploy.0 = Release|Any CPU
		{93010FEA-058D-4736-B121-B2A2B2498036}.Ad-Hoc|Any CPU.ActiveCfg = Ad-Hoc|iPhone
		{93010FEA-058D-4736-B121-B2A2B2498036}.Ad-Hoc|ARM.ActiveCfg = Ad-Hoc|iPhone
		{93010FEA-058D-4736-B121-B2A2B2498036}.Ad-Hoc|iPhone.ActiveCfg = Ad-Hoc|iPhone
		{93010FEA-058D-4736-B121-B2A2B2498036}.Ad-Hoc|iPhone.Build.0 = Ad-Hoc|iPhone
		{93010FEA-058D-4736-B121-B2A2B2498036}.Ad-Hoc|iPhoneSimulator.ActiveCfg = Ad-Hoc|iPhoneSimulator
		{93010FEA-058D-4736-B121-B2A2B2498036}.Ad-Hoc|iPhoneSimulator.Build.0 = Ad-Hoc|iPhoneSimulator
		{93010FEA-058D-4736-B121-B2A2B2498036}.Ad-Hoc|x64.ActiveCfg = Ad-Hoc|iPhone
		{93010FEA-058D-4736-B121-B2A2B2498036}.Ad-Hoc|x86.ActiveCfg = Ad-Hoc|iPhone
		{93010FEA-058D-4736-B121-B2A2B2498036}.AppStore|Any CPU.ActiveCfg = AppStore|iPhone
		{93010FEA-058D-4736-B121-B2A2B2498036}.AppStore|ARM.ActiveCfg = AppStore|iPhone
		{93010FEA-058D-4736-B121-B2A2B2498036}.AppStore|iPhone.ActiveCfg = AppStore|iPhone
		{93010FEA-058D-4736-B121-B2A2B2498036}.AppStore|iPhone.Build.0 = AppStore|iPhone
		{93010FEA-058D-4736-B121-B2A2B2498036}.AppStore|iPhoneSimulator.ActiveCfg = AppStore|iPhoneSimulator
		{93010FEA-058D-4736-B121-B2A2B2498036}.AppStore|iPhoneSimulator.Build.0 = AppStore|iPhoneSimulator
		{93010FEA-058D-4736-B121-B2A2B2498036}.AppStore|x64.ActiveCfg = AppStore|iPhone
		{93010FEA-058D-4736-B121-B2A2B2498036}.AppStore|x86.ActiveCfg = AppStore|iPhone
		{93010FEA-058D-4736-B121-B2A2B2498036}.Debug|Any CPU.ActiveCfg = Debug|iPhone
		{93010FEA-058D-4736-B121-B2A2B2498036}.Debug|ARM.ActiveCfg = Debug|iPhone
		{93010FEA-058D-4736-B121-B2A2B2498036}.Debug|iPhone.ActiveCfg = Debug|iPhone
		{93010FEA-058D-4736-B121-B2A2B2498036}.Debug|iPhone.Build.0 = Debug|iPhone
		{93010FEA-058D-4736-B121-B2A2B2498036}.Debug|iPhoneSimulator.ActiveCfg = Debug|iPhoneSimulator
		{93010FEA-058D-4736-B121-B2A2B2498036}.Debug|iPhoneSimulator.Build.0 = Debug|iPhoneSimulator
		{93010FEA-058D-4736-B121-B2A2B2498036}.Debug|x64.ActiveCfg = Debug|iPhone
		{93010FEA-058D-4736-B121-B2A2B2498036}.Debug|x86.ActiveCfg = Debug|iPhone
		{93010FEA-058D-4736-B121-B2A2B2498036}.Release|Any CPU.ActiveCfg = Release|iPhone
		{93010FEA-058D-4736-B121-B2A2B2498036}.Release|ARM.ActiveCfg = Release|iPhone
		{93010FEA-058D-4736-B121-B2A2B2498036}.Release|iPhone.ActiveCfg = Release|iPhone
		{93010FEA-058D-4736-B121-B2A2B2498036}.Release|iPhone.Build.0 = Release|iPhone
		{93010FEA-058D-4736-B121-B2A2B2498036}.Release|iPhoneSimulator.ActiveCfg = Release|iPhoneSimulator
		{93010FEA-058D-4736-B121-B2A2B2498036}.Release|iPhoneSimulator.Build.0 = Release|iPhoneSimulator
		{93010FEA-058D-4736-B121-B2A2B2498036}.Release|x64.ActiveCfg = Release|iPhone
		{93010FEA-058D-4736-B121-B2A2B2498036}.Release|x86.ActiveCfg = Release|iPhone
		{1884001E-9D97-43EF-BF69-3F1ED16831B8}.Ad-Hoc|Any CPU.ActiveCfg = Release|x86
		{1884001E-9D97-43EF-BF69-3F1ED16831B8}.Ad-Hoc|Any CPU.Build.0 = Release|x86
		{1884001E-9D97-43EF-BF69-3F1ED16831B8}.Ad-Hoc|Any CPU.Deploy.0 = Release|x86
		{1884001E-9D97-43EF-BF69-3F1ED16831B8}.Ad-Hoc|ARM.ActiveCfg = Release|ARM
		{1884001E-9D97-43EF-BF69-3F1ED16831B8}.Ad-Hoc|ARM.Build.0 = Release|ARM
		{1884001E-9D97-43EF-BF69-3F1ED16831B8}.Ad-Hoc|ARM.Deploy.0 = Release|ARM
		{1884001E-9D97-43EF-BF69-3F1ED16831B8}.Ad-Hoc|iPhone.ActiveCfg = Release|x86
		{1884001E-9D97-43EF-BF69-3F1ED16831B8}.Ad-Hoc|iPhone.Build.0 = Release|x86
		{1884001E-9D97-43EF-BF69-3F1ED16831B8}.Ad-Hoc|iPhone.Deploy.0 = Release|x86
		{1884001E-9D97-43EF-BF69-3F1ED16831B8}.Ad-Hoc|iPhoneSimulator.ActiveCfg = Release|x86
		{1884001E-9D97-43EF-BF69-3F1ED16831B8}.Ad-Hoc|iPhoneSimulator.Build.0 = Release|x86
		{1884001E-9D97-43EF-BF69-3F1ED16831B8}.Ad-Hoc|iPhoneSimulator.Deploy.0 = Release|x86
		{1884001E-9D97-43EF-BF69-3F1ED16831B8}.Ad-Hoc|x64.ActiveCfg = Release|x64
		{1884001E-9D97-43EF-BF69-3F1ED16831B8}.Ad-Hoc|x64.Build.0 = Release|x64
		{1884001E-9D97-43EF-BF69-3F1ED16831B8}.Ad-Hoc|x64.Deploy.0 = Release|x64
		{1884001E-9D97-43EF-BF69-3F1ED16831B8}.Ad-Hoc|x86.ActiveCfg = Release|x86
		{1884001E-9D97-43EF-BF69-3F1ED16831B8}.Ad-Hoc|x86.Build.0 = Release|x86
		{1884001E-9D97-43EF-BF69-3F1ED16831B8}.Ad-Hoc|x86.Deploy.0 = Release|x86
		{1884001E-9D97-43EF-BF69-3F1ED16831B8}.AppStore|Any CPU.ActiveCfg = Release|x86
		{1884001E-9D97-43EF-BF69-3F1ED16831B8}.AppStore|Any CPU.Build.0 = Release|x86
		{1884001E-9D97-43EF-BF69-3F1ED16831B8}.AppStore|Any CPU.Deploy.0 = Release|x86
		{1884001E-9D97-43EF-BF69-3F1ED16831B8}.AppStore|ARM.ActiveCfg = Release|ARM
		{1884001E-9D97-43EF-BF69-3F1ED16831B8}.AppStore|ARM.Build.0 = Release|ARM
		{1884001E-9D97-43EF-BF69-3F1ED16831B8}.AppStore|ARM.Deploy.0 = Release|ARM
		{1884001E-9D97-43EF-BF69-3F1ED16831B8}.AppStore|iPhone.ActiveCfg = Release|x86
		{1884001E-9D97-43EF-BF69-3F1ED16831B8}.AppStore|iPhone.Build.0 = Release|x86
		{1884001E-9D97-43EF-BF69-3F1ED16831B8}.AppStore|iPhone.Deploy.0 = Release|x86
		{1884001E-9D97-43EF-BF69-3F1ED16831B8}.AppStore|iPhoneSimulator.ActiveCfg = Release|x86
		{1884001E-9D97-43EF-BF69-3F1ED16831B8}.AppStore|iPhoneSimulator.Build.0 = Release|x86
		{1884001E-9D97-43EF-BF69-3F1ED16831B8}.AppStore|iPhoneSimulator.Deploy.0 = Release|x86
		{1884001E-9D97-43EF-BF69-3F1ED16831B8}.AppStore|x64.ActiveCfg = Release|x64
		{1884001E-9D97-43EF-BF69-3F1ED16831B8}.AppStore|x64.Build.0 = Release|x64
		{1884001E-9D97-43EF-BF69-3F1ED16831B8}.AppStore|x64.Deploy.0 = Release|x64
		{1884001E-9D97-43EF-BF69-3F1ED16831B8}.AppStore|x86.ActiveCfg = Release|x86
		{1884001E-9D97-43EF-BF69-3F1ED16831B8}.AppStore|x86.Build.0 = Release|x86
		{1884001E-9D97-43EF-BF69-3F1ED16831B8}.AppStore|x86.Deploy.0 = Release|x86
		{1884001E-9D97-43EF-BF69-3F1ED16831B8}.Debug|Any CPU.ActiveCfg = Debug|x86
		{1884001E-9D97-43EF-BF69-3F1ED16831B8}.Debug|ARM.ActiveCfg = Debug|ARM
		{1884001E-9D97-43EF-BF69-3F1ED16831B8}.Debug|ARM.Build.0 = Debug|ARM
		{1884001E-9D97-43EF-BF69-3F1ED16831B8}.Debug|ARM.Deploy.0 = Debug|ARM
		{1884001E-9D97-43EF-BF69-3F1ED16831B8}.Debug|iPhone.ActiveCfg = Debug|x86
		{1884001E-9D97-43EF-BF69-3F1ED16831B8}.Debug|iPhoneSimulator.ActiveCfg = Debug|x86
		{1884001E-9D97-43EF-BF69-3F1ED16831B8}.Debug|x64.ActiveCfg = Debug|x64
		{1884001E-9D97-43EF-BF69-3F1ED16831B8}.Debug|x64.Build.0 = Debug|x64
		{1884001E-9D97-43EF-BF69-3F1ED16831B8}.Debug|x64.Deploy.0 = Debug|x64
		{1884001E-9D97-43EF-BF69-3F1ED16831B8}.Debug|x86.ActiveCfg = Debug|x86
		{1884001E-9D97-43EF-BF69-3F1ED16831B8}.Debug|x86.Build.0 = Debug|x86
		{1884001E-9D97-43EF-BF69-3F1ED16831B8}.Debug|x86.Deploy.0 = Debug|x86
		{1884001E-9D97-43EF-BF69-3F1ED16831B8}.Release|Any CPU.ActiveCfg = Release|x86
		{1884001E-9D97-43EF-BF69-3F1ED16831B8}.Release|ARM.ActiveCfg = Release|ARM
		{1884001E-9D97-43EF-BF69-3F1ED16831B8}.Release|ARM.Build.0 = Release|ARM
		{1884001E-9D97-43EF-BF69-3F1ED16831B8}.Release|ARM.Deploy.0 = Release|ARM
		{1884001E-9D97-43EF-BF69-3F1ED16831B8}.Release|iPhone.ActiveCfg = Release|x86
		{1884001E-9D97-43EF-BF69-3F1ED16831B8}.Release|iPhoneSimulator.ActiveCfg = Release|x86
		{1884001E-9D97-43EF-BF69-3F1ED16831B8}.Release|x64.ActiveCfg = Release|x64
		{1884001E-9D97-43EF-BF69-3F1ED16831B8}.Release|x64.Build.0 = Release|x64
		{1884001E-9D97-43EF-BF69-3F1ED16831B8}.Release|x64.Deploy.0 = Release|x64
		{1884001E-9D97-43EF-BF69-3F1ED16831B8}.Release|x86.ActiveCfg = Release|x86
		{1884001E-9D97-43EF-BF69-3F1ED16831B8}.Release|x86.Build.0 = Release|x86
		{1884001E-9D97-43EF-BF69-3F1ED16831B8}.Release|x86.Deploy.0 = Release|x86
		{BC0C33B0-1B55-4715-B9DC-0CB31E68998F}.Ad-Hoc|Any CPU.ActiveCfg = Debug|Any CPU
		{BC0C33B0-1B55-4715-B9DC-0CB31E68998F}.Ad-Hoc|Any CPU.Build.0 = Debug|Any CPU
		{BC0C33B0-1B55-4715-B9DC-0CB31E68998F}.Ad-Hoc|ARM.ActiveCfg = Debug|Any CPU
		{BC0C33B0-1B55-4715-B9DC-0CB31E68998F}.Ad-Hoc|ARM.Build.0 = Debug|Any CPU
		{BC0C33B0-1B55-4715-B9DC-0CB31E68998F}.Ad-Hoc|iPhone.ActiveCfg = Debug|Any CPU
		{BC0C33B0-1B55-4715-B9DC-0CB31E68998F}.Ad-Hoc|iPhone.Build.0 = Debug|Any CPU
		{BC0C33B0-1B55-4715-B9DC-0CB31E68998F}.Ad-Hoc|iPhoneSimulator.ActiveCfg = Debug|Any CPU
		{BC0C33B0-1B55-4715-B9DC-0CB31E68998F}.Ad-Hoc|iPhoneSimulator.Build.0 = Debug|Any CPU
		{BC0C33B0-1B55-4715-B9DC-0CB31E68998F}.Ad-Hoc|x64.ActiveCfg = Debug|Any CPU
		{BC0C33B0-1B55-4715-B9DC-0CB31E68998F}.Ad-Hoc|x64.Build.0 = Debug|Any CPU
		{BC0C33B0-1B55-4715-B9DC-0CB31E68998F}.Ad-Hoc|x86.ActiveCfg = Debug|Any CPU
		{BC0C33B0-1B55-4715-B9DC-0CB31E68998F}.Ad-Hoc|x86.Build.0 = Debug|Any CPU
		{BC0C33B0-1B55-4715-B9DC-0CB31E68998F}.AppStore|Any CPU.ActiveCfg = Debug|Any CPU
		{BC0C33B0-1B55-4715-B9DC-0CB31E68998F}.AppStore|Any CPU.Build.0 = Debug|Any CPU
		{BC0C33B0-1B55-4715-B9DC-0CB31E68998F}.AppStore|ARM.ActiveCfg = Debug|Any CPU
		{BC0C33B0-1B55-4715-B9DC-0CB31E68998F}.AppStore|ARM.Build.0 = Debug|Any CPU
		{BC0C33B0-1B55-4715-B9DC-0CB31E68998F}.AppStore|iPhone.ActiveCfg = Debug|Any CPU
		{BC0C33B0-1B55-4715-B9DC-0CB31E68998F}.AppStore|iPhone.Build.0 = Debug|Any CPU
		{BC0C33B0-1B55-4715-B9DC-0CB31E68998F}.AppStore|iPhoneSimulator.ActiveCfg = Debug|Any CPU
		{BC0C33B0-1B55-4715-B9DC-0CB31E68998F}.AppStore|iPhoneSimulator.Build.0 = Debug|Any CPU
		{BC0C33B0-1B55-4715-B9DC-0CB31E68998F}.AppStore|x64.ActiveCfg = Debug|Any CPU
		{BC0C33B0-1B55-4715-B9DC-0CB31E68998F}.AppStore|x64.Build.0 = Debug|Any CPU
		{BC0C33B0-1B55-4715-B9DC-0CB31E68998F}.AppStore|x86.ActiveCfg = Debug|Any CPU
		{BC0C33B0-1B55-4715-B9DC-0CB31E68998F}.AppStore|x86.Build.0 = Debug|Any CPU
		{BC0C33B0-1B55-4715-B9DC-0CB31E68998F}.Debug|Any CPU.ActiveCfg = Debug|Any CPU
		{BC0C33B0-1B55-4715-B9DC-0CB31E68998F}.Debug|Any CPU.Build.0 = Debug|Any CPU
		{BC0C33B0-1B55-4715-B9DC-0CB31E68998F}.Debug|ARM.ActiveCfg = Debug|Any CPU
		{BC0C33B0-1B55-4715-B9DC-0CB31E68998F}.Debug|ARM.Build.0 = Debug|Any CPU
		{BC0C33B0-1B55-4715-B9DC-0CB31E68998F}.Debug|iPhone.ActiveCfg = Debug|Any CPU
		{BC0C33B0-1B55-4715-B9DC-0CB31E68998F}.Debug|iPhone.Build.0 = Debug|Any CPU
		{BC0C33B0-1B55-4715-B9DC-0CB31E68998F}.Debug|iPhoneSimulator.ActiveCfg = Debug|Any CPU
		{BC0C33B0-1B55-4715-B9DC-0CB31E68998F}.Debug|iPhoneSimulator.Build.0 = Debug|Any CPU
		{BC0C33B0-1B55-4715-B9DC-0CB31E68998F}.Debug|x64.ActiveCfg = Debug|Any CPU
		{BC0C33B0-1B55-4715-B9DC-0CB31E68998F}.Debug|x64.Build.0 = Debug|Any CPU
		{BC0C33B0-1B55-4715-B9DC-0CB31E68998F}.Debug|x86.ActiveCfg = Debug|Any CPU
		{BC0C33B0-1B55-4715-B9DC-0CB31E68998F}.Debug|x86.Build.0 = Debug|Any CPU
		{BC0C33B0-1B55-4715-B9DC-0CB31E68998F}.Release|Any CPU.ActiveCfg = Release|Any CPU
		{BC0C33B0-1B55-4715-B9DC-0CB31E68998F}.Release|Any CPU.Build.0 = Release|Any CPU
		{BC0C33B0-1B55-4715-B9DC-0CB31E68998F}.Release|ARM.ActiveCfg = Release|Any CPU
		{BC0C33B0-1B55-4715-B9DC-0CB31E68998F}.Release|ARM.Build.0 = Release|Any CPU
		{BC0C33B0-1B55-4715-B9DC-0CB31E68998F}.Release|iPhone.ActiveCfg = Release|Any CPU
		{BC0C33B0-1B55-4715-B9DC-0CB31E68998F}.Release|iPhone.Build.0 = Release|Any CPU
		{BC0C33B0-1B55-4715-B9DC-0CB31E68998F}.Release|iPhoneSimulator.ActiveCfg = Release|Any CPU
		{BC0C33B0-1B55-4715-B9DC-0CB31E68998F}.Release|iPhoneSimulator.Build.0 = Release|Any CPU
		{BC0C33B0-1B55-4715-B9DC-0CB31E68998F}.Release|x64.ActiveCfg = Release|Any CPU
		{BC0C33B0-1B55-4715-B9DC-0CB31E68998F}.Release|x64.Build.0 = Release|Any CPU
		{BC0C33B0-1B55-4715-B9DC-0CB31E68998F}.Release|x86.ActiveCfg = Release|Any CPU
		{BC0C33B0-1B55-4715-B9DC-0CB31E68998F}.Release|x86.Build.0 = Release|Any CPU
		{138FC2BB-0323-4A5B-983A-C5518C35B922}.Ad-Hoc|Any CPU.ActiveCfg = Debug|Any CPU
		{138FC2BB-0323-4A5B-983A-C5518C35B922}.Ad-Hoc|Any CPU.Build.0 = Debug|Any CPU
		{138FC2BB-0323-4A5B-983A-C5518C35B922}.Ad-Hoc|ARM.ActiveCfg = Debug|Any CPU
		{138FC2BB-0323-4A5B-983A-C5518C35B922}.Ad-Hoc|ARM.Build.0 = Debug|Any CPU
		{138FC2BB-0323-4A5B-983A-C5518C35B922}.Ad-Hoc|iPhone.ActiveCfg = Debug|Any CPU
		{138FC2BB-0323-4A5B-983A-C5518C35B922}.Ad-Hoc|iPhone.Build.0 = Debug|Any CPU
		{138FC2BB-0323-4A5B-983A-C5518C35B922}.Ad-Hoc|iPhoneSimulator.ActiveCfg = Debug|Any CPU
		{138FC2BB-0323-4A5B-983A-C5518C35B922}.Ad-Hoc|iPhoneSimulator.Build.0 = Debug|Any CPU
		{138FC2BB-0323-4A5B-983A-C5518C35B922}.Ad-Hoc|x64.ActiveCfg = Debug|Any CPU
		{138FC2BB-0323-4A5B-983A-C5518C35B922}.Ad-Hoc|x64.Build.0 = Debug|Any CPU
		{138FC2BB-0323-4A5B-983A-C5518C35B922}.Ad-Hoc|x86.ActiveCfg = Debug|Any CPU
		{138FC2BB-0323-4A5B-983A-C5518C35B922}.Ad-Hoc|x86.Build.0 = Debug|Any CPU
		{138FC2BB-0323-4A5B-983A-C5518C35B922}.AppStore|Any CPU.ActiveCfg = Debug|Any CPU
		{138FC2BB-0323-4A5B-983A-C5518C35B922}.AppStore|Any CPU.Build.0 = Debug|Any CPU
		{138FC2BB-0323-4A5B-983A-C5518C35B922}.AppStore|ARM.ActiveCfg = Debug|Any CPU
		{138FC2BB-0323-4A5B-983A-C5518C35B922}.AppStore|ARM.Build.0 = Debug|Any CPU
		{138FC2BB-0323-4A5B-983A-C5518C35B922}.AppStore|iPhone.ActiveCfg = Debug|Any CPU
		{138FC2BB-0323-4A5B-983A-C5518C35B922}.AppStore|iPhone.Build.0 = Debug|Any CPU
		{138FC2BB-0323-4A5B-983A-C5518C35B922}.AppStore|iPhoneSimulator.ActiveCfg = Debug|Any CPU
		{138FC2BB-0323-4A5B-983A-C5518C35B922}.AppStore|iPhoneSimulator.Build.0 = Debug|Any CPU
		{138FC2BB-0323-4A5B-983A-C5518C35B922}.AppStore|x64.ActiveCfg = Debug|Any CPU
		{138FC2BB-0323-4A5B-983A-C5518C35B922}.AppStore|x64.Build.0 = Debug|Any CPU
		{138FC2BB-0323-4A5B-983A-C5518C35B922}.AppStore|x86.ActiveCfg = Debug|Any CPU
		{138FC2BB-0323-4A5B-983A-C5518C35B922}.AppStore|x86.Build.0 = Debug|Any CPU
		{138FC2BB-0323-4A5B-983A-C5518C35B922}.Debug|Any CPU.ActiveCfg = Debug|Any CPU
		{138FC2BB-0323-4A5B-983A-C5518C35B922}.Debug|Any CPU.Build.0 = Debug|Any CPU
		{138FC2BB-0323-4A5B-983A-C5518C35B922}.Debug|ARM.ActiveCfg = Debug|Any CPU
		{138FC2BB-0323-4A5B-983A-C5518C35B922}.Debug|ARM.Build.0 = Debug|Any CPU
		{138FC2BB-0323-4A5B-983A-C5518C35B922}.Debug|iPhone.ActiveCfg = Debug|Any CPU
		{138FC2BB-0323-4A5B-983A-C5518C35B922}.Debug|iPhone.Build.0 = Debug|Any CPU
		{138FC2BB-0323-4A5B-983A-C5518C35B922}.Debug|iPhoneSimulator.ActiveCfg = Debug|Any CPU
		{138FC2BB-0323-4A5B-983A-C5518C35B922}.Debug|iPhoneSimulator.Build.0 = Debug|Any CPU
		{138FC2BB-0323-4A5B-983A-C5518C35B922}.Debug|x64.ActiveCfg = Debug|Any CPU
		{138FC2BB-0323-4A5B-983A-C5518C35B922}.Debug|x64.Build.0 = Debug|Any CPU
		{138FC2BB-0323-4A5B-983A-C5518C35B922}.Debug|x86.ActiveCfg = Debug|Any CPU
		{138FC2BB-0323-4A5B-983A-C5518C35B922}.Debug|x86.Build.0 = Debug|Any CPU
		{138FC2BB-0323-4A5B-983A-C5518C35B922}.Release|Any CPU.ActiveCfg = Release|Any CPU
		{138FC2BB-0323-4A5B-983A-C5518C35B922}.Release|Any CPU.Build.0 = Release|Any CPU
		{138FC2BB-0323-4A5B-983A-C5518C35B922}.Release|ARM.ActiveCfg = Release|Any CPU
		{138FC2BB-0323-4A5B-983A-C5518C35B922}.Release|ARM.Build.0 = Release|Any CPU
		{138FC2BB-0323-4A5B-983A-C5518C35B922}.Release|iPhone.ActiveCfg = Release|Any CPU
		{138FC2BB-0323-4A5B-983A-C5518C35B922}.Release|iPhone.Build.0 = Release|Any CPU
		{138FC2BB-0323-4A5B-983A-C5518C35B922}.Release|iPhoneSimulator.ActiveCfg = Release|Any CPU
		{138FC2BB-0323-4A5B-983A-C5518C35B922}.Release|iPhoneSimulator.Build.0 = Release|Any CPU
		{138FC2BB-0323-4A5B-983A-C5518C35B922}.Release|x64.ActiveCfg = Release|Any CPU
		{138FC2BB-0323-4A5B-983A-C5518C35B922}.Release|x64.Build.0 = Release|Any CPU
		{138FC2BB-0323-4A5B-983A-C5518C35B922}.Release|x86.ActiveCfg = Release|Any CPU
		{138FC2BB-0323-4A5B-983A-C5518C35B922}.Release|x86.Build.0 = Release|Any CPU
	EndGlobalSection
	GlobalSection(SolutionProperties) = preSolution
		HideSolutionNode = FALSE
	EndGlobalSection
	GlobalSection(ExtensibilityGlobals) = postSolution
		SolutionGuid = {7C48F8B0-4ECD-43A5-B349-325A57EEEAA5}
	EndGlobalSection
EndGlobal
